// !$*UTF8*$!
{
	archiveVersion = 1;
	classes = {
	};
	objectVersion = 56;
	objects = {

/* Begin PBXBuildFile section */
		4224D2F22B42ED7A00582305 /* swift_app_2App.swift in Sources */ = {isa = PBXBuildFile; fileRef = 4224D2F12B42ED7A00582305 /* swift_app_2App.swift */; };
		4224D2F42B42ED7A00582305 /* MainView.swift in Sources */ = {isa = PBXBuildFile; fileRef = 4224D2F32B42ED7A00582305 /* MainView.swift */; };
		4224D2F62B42ED7B00582305 /* Assets.xcassets in Resources */ = {isa = PBXBuildFile; fileRef = 4224D2F52B42ED7B00582305 /* Assets.xcassets */; };
		4224D2F92B42ED7B00582305 /* Preview Assets.xcassets in Resources */ = {isa = PBXBuildFile; fileRef = 4224D2F82B42ED7B00582305 /* Preview Assets.xcassets */; };
		4224D3032B42ED7B00582305 /* swift_app_2Tests.swift in Sources */ = {isa = PBXBuildFile; fileRef = 4224D3022B42ED7B00582305 /* swift_app_2Tests.swift */; };
		4224D30D2B42ED7B00582305 /* swift_app_2UITests.swift in Sources */ = {isa = PBXBuildFile; fileRef = 4224D30C2B42ED7B00582305 /* swift_app_2UITests.swift */; };
		4224D30F2B42ED7B00582305 /* swift_app_2UITestsLaunchTests.swift in Sources */ = {isa = PBXBuildFile; fileRef = 4224D30E2B42ED7B00582305 /* swift_app_2UITestsLaunchTests.swift */; };
		4224D3222B430A8800582305 /* CounterView.swift in Sources */ = {isa = PBXBuildFile; fileRef = 4224D3212B430A8800582305 /* CounterView.swift */; };
		4224D3242B431B3900582305 /* CounterView2.swift in Sources */ = {isa = PBXBuildFile; fileRef = 4224D3232B431B3900582305 /* CounterView2.swift */; };
/* End PBXBuildFile section */

/* Begin PBXContainerItemProxy section */
		4224D2FF2B42ED7B00582305 /* PBXContainerItemProxy */ = {
			isa = PBXContainerItemProxy;
			containerPortal = 4224D2E62B42ED7A00582305 /* Project object */;
			proxyType = 1;
			remoteGlobalIDString = 4224D2ED2B42ED7A00582305;
			remoteInfo = swift_app_2;
		};
		4224D3092B42ED7B00582305 /* PBXContainerItemProxy */ = {
			isa = PBXContainerItemProxy;
			containerPortal = 4224D2E62B42ED7A00582305 /* Project object */;
			proxyType = 1;
			remoteGlobalIDString = 4224D2ED2B42ED7A00582305;
			remoteInfo = swift_app_2;
		};
/* End PBXContainerItemProxy section */

/* Begin PBXFileReference section */
		4224D2EE2B42ED7A00582305 /* swift_app_2.app */ = {isa = PBXFileReference; explicitFileType = wrapper.application; includeInIndex = 0; path = swift_app_2.app; sourceTree = BUILT_PRODUCTS_DIR; };
		4224D2F12B42ED7A00582305 /* swift_app_2App.swift */ = {isa = PBXFileReference; lastKnownFileType = sourcecode.swift; path = swift_app_2App.swift; sourceTree = "<group>"; };
		4224D2F32B42ED7A00582305 /* MainView.swift */ = {isa = PBXFileReference; lastKnownFileType = sourcecode.swift; path = MainView.swift; sourceTree = "<group>"; };
		4224D2F52B42ED7B00582305 /* Assets.xcassets */ = {isa = PBXFileReference; lastKnownFileType = folder.assetcatalog; path = Assets.xcassets; sourceTree = "<group>"; };
		4224D2F82B42ED7B00582305 /* Preview Assets.xcassets */ = {isa = PBXFileReference; lastKnownFileType = folder.assetcatalog; path = "Preview Assets.xcassets"; sourceTree = "<group>"; };
		4224D2FE2B42ED7B00582305 /* swift_app_2Tests.xctest */ = {isa = PBXFileReference; explicitFileType = wrapper.cfbundle; includeInIndex = 0; path = swift_app_2Tests.xctest; sourceTree = BUILT_PRODUCTS_DIR; };
		4224D3022B42ED7B00582305 /* swift_app_2Tests.swift */ = {isa = PBXFileReference; lastKnownFileType = sourcecode.swift; path = swift_app_2Tests.swift; sourceTree = "<group>"; };
		4224D3082B42ED7B00582305 /* swift_app_2UITests.xctest */ = {isa = PBXFileReference; explicitFileType = wrapper.cfbundle; includeInIndex = 0; path = swift_app_2UITests.xctest; sourceTree = BUILT_PRODUCTS_DIR; };
		4224D30C2B42ED7B00582305 /* swift_app_2UITests.swift */ = {isa = PBXFileReference; lastKnownFileType = sourcecode.swift; path = swift_app_2UITests.swift; sourceTree = "<group>"; };
		4224D30E2B42ED7B00582305 /* swift_app_2UITestsLaunchTests.swift */ = {isa = PBXFileReference; lastKnownFileType = sourcecode.swift; path = swift_app_2UITestsLaunchTests.swift; sourceTree = "<group>"; };
		4224D3212B430A8800582305 /* CounterView.swift */ = {isa = PBXFileReference; lastKnownFileType = sourcecode.swift; path = CounterView.swift; sourceTree = "<group>"; };
		4224D3232B431B3900582305 /* CounterView2.swift */ = {isa = PBXFileReference; lastKnownFileType = sourcecode.swift; path = CounterView2.swift; sourceTree = "<group>"; };
/* End PBXFileReference section */

/* Begin PBXFrameworksBuildPhase section */
		4224D2EB2B42ED7A00582305 /* Frameworks */ = {
			isa = PBXFrameworksBuildPhase;
			buildActionMask = 2147483647;
			files = (
			);
			runOnlyForDeploymentPostprocessing = 0;
		};
		4224D2FB2B42ED7B00582305 /* Frameworks */ = {
			isa = PBXFrameworksBuildPhase;
			buildActionMask = 2147483647;
			files = (
			);
			runOnlyForDeploymentPostprocessing = 0;
		};
		4224D3052B42ED7B00582305 /* Frameworks */ = {
			isa = PBXFrameworksBuildPhase;
			buildActionMask = 2147483647;
			files = (
			);
			runOnlyForDeploymentPostprocessing = 0;
		};
/* End PBXFrameworksBuildPhase section */

/* Begin PBXGroup section */
		4224D2E52B42ED7A00582305 = {
			isa = PBXGroup;
			children = (
				4224D2F02B42ED7A00582305 /* swift_app_2 */,
				4224D3012B42ED7B00582305 /* swift_app_2Tests */,
				4224D30B2B42ED7B00582305 /* swift_app_2UITests */,
				4224D2EF2B42ED7A00582305 /* Products */,
			);
			sourceTree = "<group>";
		};
		4224D2EF2B42ED7A00582305 /* Products */ = {
			isa = PBXGroup;
			children = (
				4224D2EE2B42ED7A00582305 /* swift_app_2.app */,
				4224D2FE2B42ED7B00582305 /* swift_app_2Tests.xctest */,
				4224D3082B42ED7B00582305 /* swift_app_2UITests.xctest */,
			);
			name = Products;
			sourceTree = "<group>";
		};
		4224D2F02B42ED7A00582305 /* swift_app_2 */ = {
			isa = PBXGroup;
			children = (
				4224D31E2B42F56400582305 /* Other */,
				4224D31D2B42F54F00582305 /* ViewModels */,
				4224D31C2B42F53F00582305 /* Models */,
				4224D31B2B42F52A00582305 /* Views */,
				4224D2F72B42ED7B00582305 /* Preview Content */,
			);
			path = swift_app_2;
			sourceTree = "<group>";
		};
		4224D2F72B42ED7B00582305 /* Preview Content */ = {
			isa = PBXGroup;
			children = (
				4224D2F82B42ED7B00582305 /* Preview Assets.xcassets */,
			);
			path = "Preview Content";
			sourceTree = "<group>";
		};
		4224D3012B42ED7B00582305 /* swift_app_2Tests */ = {
			isa = PBXGroup;
			children = (
				4224D3022B42ED7B00582305 /* swift_app_2Tests.swift */,
			);
			path = swift_app_2Tests;
			sourceTree = "<group>";
		};
		4224D30B2B42ED7B00582305 /* swift_app_2UITests */ = {
			isa = PBXGroup;
			children = (
				4224D30C2B42ED7B00582305 /* swift_app_2UITests.swift */,
				4224D30E2B42ED7B00582305 /* swift_app_2UITestsLaunchTests.swift */,
			);
			path = swift_app_2UITests;
			sourceTree = "<group>";
		};
		4224D31B2B42F52A00582305 /* Views */ = {
			isa = PBXGroup;
			children = (
				4224D2F32B42ED7A00582305 /* MainView.swift */,
				4224D3212B430A8800582305 /* CounterView.swift */,
				4224D3232B431B3900582305 /* CounterView2.swift */,
			);
			path = Views;
			sourceTree = "<group>";
		};
		4224D31C2B42F53F00582305 /* Models */ = {
			isa = PBXGroup;
			children = (
			);
			path = Models;
			sourceTree = "<group>";
		};
		4224D31D2B42F54F00582305 /* ViewModels */ = {
			isa = PBXGroup;
			children = (
			);
			path = ViewModels;
			sourceTree = "<group>";
		};
		4224D31E2B42F56400582305 /* Other */ = {
			isa = PBXGroup;
			children = (
				4224D2F52B42ED7B00582305 /* Assets.xcassets */,
				4224D2F12B42ED7A00582305 /* swift_app_2App.swift */,
			);
			path = Other;
			sourceTree = "<group>";
		};
/* End PBXGroup section */

/* Begin PBXNativeTarget section */
		4224D2ED2B42ED7A00582305 /* swift_app_2 */ = {
			isa = PBXNativeTarget;
			buildConfigurationList = 4224D3122B42ED7B00582305 /* Build configuration list for PBXNativeTarget "swift_app_2" */;
			buildPhases = (
				4224D2EA2B42ED7A00582305 /* Sources */,
				4224D2EB2B42ED7A00582305 /* Frameworks */,
				4224D2EC2B42ED7A00582305 /* Resources */,
			);
			buildRules = (
			);
			dependencies = (
			);
			name = swift_app_2;
			productName = swift_app_2;
			productReference = 4224D2EE2B42ED7A00582305 /* swift_app_2.app */;
			productType = "com.apple.product-type.application";
		};
		4224D2FD2B42ED7B00582305 /* swift_app_2Tests */ = {
			isa = PBXNativeTarget;
			buildConfigurationList = 4224D3152B42ED7B00582305 /* Build configuration list for PBXNativeTarget "swift_app_2Tests" */;
			buildPhases = (
				4224D2FA2B42ED7B00582305 /* Sources */,
				4224D2FB2B42ED7B00582305 /* Frameworks */,
				4224D2FC2B42ED7B00582305 /* Resources */,
			);
			buildRules = (
			);
			dependencies = (
				4224D3002B42ED7B00582305 /* PBXTargetDependency */,
			);
			name = swift_app_2Tests;
			productName = swift_app_2Tests;
			productReference = 4224D2FE2B42ED7B00582305 /* swift_app_2Tests.xctest */;
			productType = "com.apple.product-type.bundle.unit-test";
		};
		4224D3072B42ED7B00582305 /* swift_app_2UITests */ = {
			isa = PBXNativeTarget;
			buildConfigurationList = 4224D3182B42ED7B00582305 /* Build configuration list for PBXNativeTarget "swift_app_2UITests" */;
			buildPhases = (
				4224D3042B42ED7B00582305 /* Sources */,
				4224D3052B42ED7B00582305 /* Frameworks */,
				4224D3062B42ED7B00582305 /* Resources */,
			);
			buildRules = (
			);
			dependencies = (
				4224D30A2B42ED7B00582305 /* PBXTargetDependency */,
			);
			name = swift_app_2UITests;
			productName = swift_app_2UITests;
			productReference = 4224D3082B42ED7B00582305 /* swift_app_2UITests.xctest */;
			productType = "com.apple.product-type.bundle.ui-testing";
		};
/* End PBXNativeTarget section */

/* Begin PBXProject section */
		4224D2E62B42ED7A00582305 /* Project object */ = {
			isa = PBXProject;
			attributes = {
				BuildIndependentTargetsInParallel = 1;
				LastSwiftUpdateCheck = 1510;
				LastUpgradeCheck = 1510;
				TargetAttributes = {
					4224D2ED2B42ED7A00582305 = {
						CreatedOnToolsVersion = 15.1;
					};
					4224D2FD2B42ED7B00582305 = {
						CreatedOnToolsVersion = 15.1;
						TestTargetID = 4224D2ED2B42ED7A00582305;
					};
					4224D3072B42ED7B00582305 = {
						CreatedOnToolsVersion = 15.1;
						TestTargetID = 4224D2ED2B42ED7A00582305;
					};
				};
			};
			buildConfigurationList = 4224D2E92B42ED7A00582305 /* Build configuration list for PBXProject "swift_app_2" */;
			compatibilityVersion = "Xcode 14.0";
			developmentRegion = en;
			hasScannedForEncodings = 0;
			knownRegions = (
				en,
				Base,
			);
			mainGroup = 4224D2E52B42ED7A00582305;
			productRefGroup = 4224D2EF2B42ED7A00582305 /* Products */;
			projectDirPath = "";
			projectRoot = "";
			targets = (
				4224D2ED2B42ED7A00582305 /* swift_app_2 */,
				4224D2FD2B42ED7B00582305 /* swift_app_2Tests */,
				4224D3072B42ED7B00582305 /* swift_app_2UITests */,
			);
		};
/* End PBXProject section */

/* Begin PBXResourcesBuildPhase section */
		4224D2EC2B42ED7A00582305 /* Resources */ = {
			isa = PBXResourcesBuildPhase;
			buildActionMask = 2147483647;
			files = (
				4224D2F92B42ED7B00582305 /* Preview Assets.xcassets in Resources */,
				4224D2F62B42ED7B00582305 /* Assets.xcassets in Resources */,
			);
			runOnlyForDeploymentPostprocessing = 0;
		};
		4224D2FC2B42ED7B00582305 /* Resources */ = {
			isa = PBXResourcesBuildPhase;
			buildActionMask = 2147483647;
			files = (
			);
			runOnlyForDeploymentPostprocessing = 0;
		};
		4224D3062B42ED7B00582305 /* Resources */ = {
			isa = PBXResourcesBuildPhase;
			buildActionMask = 2147483647;
			files = (
			);
			runOnlyForDeploymentPostprocessing = 0;
		};
/* End PBXResourcesBuildPhase section */

/* Begin PBXSourcesBuildPhase section */
		4224D2EA2B42ED7A00582305 /* Sources */ = {
			isa = PBXSourcesBuildPhase;
			buildActionMask = 2147483647;
			files = (
				4224D2F42B42ED7A00582305 /* MainView.swift in Sources */,
				4224D2F22B42ED7A00582305 /* swift_app_2App.swift in Sources */,
				4224D3242B431B3900582305 /* CounterView2.swift in Sources */,
				4224D3222B430A8800582305 /* CounterView.swift in Sources */,
			);
			runOnlyForDeploymentPostprocessing = 0;
		};
		4224D2FA2B42ED7B00582305 /* Sources */ = {
			isa = PBXSourcesBuildPhase;
			buildActionMask = 2147483647;
			files = (
				4224D3032B42ED7B00582305 /* swift_app_2Tests.swift in Sources */,
			);
			runOnlyForDeploymentPostprocessing = 0;
		};
		4224D3042B42ED7B00582305 /* Sources */ = {
			isa = PBXSourcesBuildPhase;
			buildActionMask = 2147483647;
			files = (
				4224D30D2B42ED7B00582305 /* swift_app_2UITests.swift in Sources */,
				4224D30F2B42ED7B00582305 /* swift_app_2UITestsLaunchTests.swift in Sources */,
			);
			runOnlyForDeploymentPostprocessing = 0;
		};
/* End PBXSourcesBuildPhase section */

/* Begin PBXTargetDependency section */
		4224D3002B42ED7B00582305 /* PBXTargetDependency */ = {
			isa = PBXTargetDependency;
			target = 4224D2ED2B42ED7A00582305 /* swift_app_2 */;
			targetProxy = 4224D2FF2B42ED7B00582305 /* PBXContainerItemProxy */;
		};
		4224D30A2B42ED7B00582305 /* PBXTargetDependency */ = {
			isa = PBXTargetDependency;
			target = 4224D2ED2B42ED7A00582305 /* swift_app_2 */;
			targetProxy = 4224D3092B42ED7B00582305 /* PBXContainerItemProxy */;
		};
/* End PBXTargetDependency section */

/* Begin XCBuildConfiguration section */
		4224D3102B42ED7B00582305 /* Debug */ = {
			isa = XCBuildConfiguration;
			buildSettings = {
				ALWAYS_SEARCH_USER_PATHS = NO;
				ASSETCATALOG_COMPILER_GENERATE_SWIFT_ASSET_SYMBOL_EXTENSIONS = YES;
				CLANG_ANALYZER_NONNULL = YES;
				CLANG_ANALYZER_NUMBER_OBJECT_CONVERSION = YES_AGGRESSIVE;
				CLANG_CXX_LANGUAGE_STANDARD = "gnu++20";
				CLANG_ENABLE_MODULES = YES;
				CLANG_ENABLE_OBJC_ARC = YES;
				CLANG_ENABLE_OBJC_WEAK = YES;
				CLANG_WARN_BLOCK_CAPTURE_AUTORELEASING = YES;
				CLANG_WARN_BOOL_CONVERSION = YES;
				CLANG_WARN_COMMA = YES;
				CLANG_WARN_CONSTANT_CONVERSION = YES;
				CLANG_WARN_DEPRECATED_OBJC_IMPLEMENTATIONS = YES;
				CLANG_WARN_DIRECT_OBJC_ISA_USAGE = YES_ERROR;
				CLANG_WARN_DOCUMENTATION_COMMENTS = YES;
				CLANG_WARN_EMPTY_BODY = YES;
				CLANG_WARN_ENUM_CONVERSION = YES;
				CLANG_WARN_INFINITE_RECURSION = YES;
				CLANG_WARN_INT_CONVERSION = YES;
				CLANG_WARN_NON_LITERAL_NULL_CONVERSION = YES;
				CLANG_WARN_OBJC_IMPLICIT_RETAIN_SELF = YES;
				CLANG_WARN_OBJC_LITERAL_CONVERSION = YES;
				CLANG_WARN_OBJC_ROOT_CLASS = YES_ERROR;
				CLANG_WARN_QUOTED_INCLUDE_IN_FRAMEWORK_HEADER = YES;
				CLANG_WARN_RANGE_LOOP_ANALYSIS = YES;
				CLANG_WARN_STRICT_PROTOTYPES = YES;
				CLANG_WARN_SUSPICIOUS_MOVE = YES;
				CLANG_WARN_UNGUARDED_AVAILABILITY = YES_AGGRESSIVE;
				CLANG_WARN_UNREACHABLE_CODE = YES;
				CLANG_WARN__DUPLICATE_METHOD_MATCH = YES;
				COPY_PHASE_STRIP = NO;
				DEBUG_INFORMATION_FORMAT = dwarf;
				ENABLE_STRICT_OBJC_MSGSEND = YES;
				ENABLE_TESTABILITY = YES;
				ENABLE_USER_SCRIPT_SANDBOXING = YES;
				GCC_C_LANGUAGE_STANDARD = gnu17;
				GCC_DYNAMIC_NO_PIC = NO;
				GCC_NO_COMMON_BLOCKS = YES;
				GCC_OPTIMIZATION_LEVEL = 0;
				GCC_PREPROCESSOR_DEFINITIONS = (
					"DEBUG=1",
					"$(inherited)",
				);
				GCC_WARN_64_TO_32_BIT_CONVERSION = YES;
				GCC_WARN_ABOUT_RETURN_TYPE = YES_ERROR;
				GCC_WARN_UNDECLARED_SELECTOR = YES;
				GCC_WARN_UNINITIALIZED_AUTOS = YES_AGGRESSIVE;
				GCC_WARN_UNUSED_FUNCTION = YES;
				GCC_WARN_UNUSED_VARIABLE = YES;
				IPHONEOS_DEPLOYMENT_TARGET = 17.2;
				LOCALIZATION_PREFERS_STRING_CATALOGS = YES;
				MTL_ENABLE_DEBUG_INFO = INCLUDE_SOURCE;
				MTL_FAST_MATH = YES;
				ONLY_ACTIVE_ARCH = YES;
				SDKROOT = iphoneos;
				SWIFT_ACTIVE_COMPILATION_CONDITIONS = "DEBUG $(inherited)";
				SWIFT_OPTIMIZATION_LEVEL = "-Onone";
			};
			name = Debug;
		};
		4224D3112B42ED7B00582305 /* Release */ = {
			isa = XCBuildConfiguration;
			buildSettings = {
				ALWAYS_SEARCH_USER_PATHS = NO;
				ASSETCATALOG_COMPILER_GENERATE_SWIFT_ASSET_SYMBOL_EXTENSIONS = YES;
				CLANG_ANALYZER_NONNULL = YES;
				CLANG_ANALYZER_NUMBER_OBJECT_CONVERSION = YES_AGGRESSIVE;
				CLANG_CXX_LANGUAGE_STANDARD = "gnu++20";
				CLANG_ENABLE_MODULES = YES;
				CLANG_ENABLE_OBJC_ARC = YES;
				CLANG_ENABLE_OBJC_WEAK = YES;
				CLANG_WARN_BLOCK_CAPTURE_AUTORELEASING = YES;
				CLANG_WARN_BOOL_CONVERSION = YES;
				CLANG_WARN_COMMA = YES;
				CLANG_WARN_CONSTANT_CONVERSION = YES;
				CLANG_WARN_DEPRECATED_OBJC_IMPLEMENTATIONS = YES;
				CLANG_WARN_DIRECT_OBJC_ISA_USAGE = YES_ERROR;
				CLANG_WARN_DOCUMENTATION_COMMENTS = YES;
				CLANG_WARN_EMPTY_BODY = YES;
				CLANG_WARN_ENUM_CONVERSION = YES;
				CLANG_WARN_INFINITE_RECURSION = YES;
				CLANG_WARN_INT_CONVERSION = YES;
				CLANG_WARN_NON_LITERAL_NULL_CONVERSION = YES;
				CLANG_WARN_OBJC_IMPLICIT_RETAIN_SELF = YES;
				CLANG_WARN_OBJC_LITERAL_CONVERSION = YES;
				CLANG_WARN_OBJC_ROOT_CLASS = YES_ERROR;
				CLANG_WARN_QUOTED_INCLUDE_IN_FRAMEWORK_HEADER = YES;
				CLANG_WARN_RANGE_LOOP_ANALYSIS = YES;
				CLANG_WARN_STRICT_PROTOTYPES = YES;
				CLANG_WARN_SUSPICIOUS_MOVE = YES;
				CLANG_WARN_UNGUARDED_AVAILABILITY = YES_AGGRESSIVE;
				CLANG_WARN_UNREACHABLE_CODE = YES;
				CLANG_WARN__DUPLICATE_METHOD_MATCH = YES;
				COPY_PHASE_STRIP = NO;
				DEBUG_INFORMATION_FORMAT = "dwarf-with-dsym";
				ENABLE_NS_ASSERTIONS = NO;
				ENABLE_STRICT_OBJC_MSGSEND = YES;
				ENABLE_USER_SCRIPT_SANDBOXING = YES;
				GCC_C_LANGUAGE_STANDARD = gnu17;
				GCC_NO_COMMON_BLOCKS = YES;
				GCC_WARN_64_TO_32_BIT_CONVERSION = YES;
				GCC_WARN_ABOUT_RETURN_TYPE = YES_ERROR;
				GCC_WARN_UNDECLARED_SELECTOR = YES;
				GCC_WARN_UNINITIALIZED_AUTOS = YES_AGGRESSIVE;
				GCC_WARN_UNUSED_FUNCTION = YES;
				GCC_WARN_UNUSED_VARIABLE = YES;
				IPHONEOS_DEPLOYMENT_TARGET = 17.2;
				LOCALIZATION_PREFERS_STRING_CATALOGS = YES;
				MTL_ENABLE_DEBUG_INFO = NO;
				MTL_FAST_MATH = YES;
				SDKROOT = iphoneos;
				SWIFT_COMPILATION_MODE = wholemodule;
				VALIDATE_PRODUCT = YES;
			};
			name = Release;
		};
		4224D3132B42ED7B00582305 /* Debug */ = {
			isa = XCBuildConfiguration;
			buildSettings = {
				ASSETCATALOG_COMPILER_APPICON_NAME = AppIcon;
				ASSETCATALOG_COMPILER_GLOBAL_ACCENT_COLOR_NAME = AccentColor;
				CODE_SIGN_STYLE = Automatic;
				CURRENT_PROJECT_VERSION = 1;
				DEVELOPMENT_ASSET_PATHS = "\"swift_app_2/Preview Content\"";
				ENABLE_PREVIEWS = YES;
				GENERATE_INFOPLIST_FILE = YES;
				INFOPLIST_KEY_UIApplicationSceneManifest_Generation = YES;
				INFOPLIST_KEY_UIApplicationSupportsIndirectInputEvents = YES;
				INFOPLIST_KEY_UILaunchScreen_Generation = YES;
				INFOPLIST_KEY_UISupportedInterfaceOrientations_iPad = "UIInterfaceOrientationPortrait UIInterfaceOrientationPortraitUpsideDown UIInterfaceOrientationLandscapeLeft UIInterfaceOrientationLandscapeRight";
				INFOPLIST_KEY_UISupportedInterfaceOrientations_iPhone = "UIInterfaceOrientationPortrait UIInterfaceOrientationLandscapeLeft UIInterfaceOrientationLandscapeRight";
				LD_RUNPATH_SEARCH_PATHS = (
					"$(inherited)",
					"@executable_path/Frameworks",
				);
				MARKETING_VERSION = 1.0;
				PRODUCT_BUNDLE_IDENTIFIER = "swift-app-1-org.swift-app-2";
				PRODUCT_NAME = "$(TARGET_NAME)";
				SWIFT_EMIT_LOC_STRINGS = YES;
				SWIFT_VERSION = 5.0;
				TARGETED_DEVICE_FAMILY = "1,2";
			};
			name = Debug;
		};
		4224D3142B42ED7B00582305 /* Release */ = {
			isa = XCBuildConfiguration;
			buildSettings = {
				ASSETCATALOG_COMPILER_APPICON_NAME = AppIcon;
				ASSETCATALOG_COMPILER_GLOBAL_ACCENT_COLOR_NAME = AccentColor;
				CODE_SIGN_STYLE = Automatic;
				CURRENT_PROJECT_VERSION = 1;
				DEVELOPMENT_ASSET_PATHS = "\"swift_app_2/Preview Content\"";
				ENABLE_PREVIEWS = YES;
				GENERATE_INFOPLIST_FILE = YES;
				INFOPLIST_KEY_UIApplicationSceneManifest_Generation = YES;
				INFOPLIST_KEY_UIApplicationSupportsIndirectInputEvents = YES;
				INFOPLIST_KEY_UILaunchScreen_Generation = YES;
				INFOPLIST_KEY_UISupportedInterfaceOrientations_iPad = "UIInterfaceOrientationPortrait UIInterfaceOrientationPortraitUpsideDown UIInterfaceOrientationLandscapeLeft UIInterfaceOrientationLandscapeRight";
				INFOPLIST_KEY_UISupportedInterfaceOrientations_iPhone = "UIInterfaceOrientationPortrait UIInterfaceOrientationLandscapeLeft UIInterfaceOrientationLandscapeRight";
				LD_RUNPATH_SEARCH_PATHS = (
					"$(inherited)",
					"@executable_path/Frameworks",
				);
				MARKETING_VERSION = 1.0;
				PRODUCT_BUNDLE_IDENTIFIER = "swift-app-1-org.swift-app-2";
				PRODUCT_NAME = "$(TARGET_NAME)";
				SWIFT_EMIT_LOC_STRINGS = YES;
				SWIFT_VERSION = 5.0;
				TARGETED_DEVICE_FAMILY = "1,2";
			};
			name = Release;
		};
		4224D3162B42ED7B00582305 /* Debug */ = {
			isa = XCBuildConfiguration;
			buildSettings = {
				ALWAYS_EMBED_SWIFT_STANDARD_LIBRARIES = YES;
				BUNDLE_LOADER = "$(TEST_HOST)";
				CODE_SIGN_STYLE = Automatic;
				CURRENT_PROJECT_VERSION = 1;
				GENERATE_INFOPLIST_FILE = YES;
				IPHONEOS_DEPLOYMENT_TARGET = 17.2;
				MARKETING_VERSION = 1.0;
				PRODUCT_BUNDLE_IDENTIFIER = "swift-app-1-org.swift-app-2Tests";
				PRODUCT_NAME = "$(TARGET_NAME)";
				SWIFT_EMIT_LOC_STRINGS = NO;
				SWIFT_VERSION = 5.0;
				TARGETED_DEVICE_FAMILY = "1,2";
				TEST_HOST = "$(BUILT_PRODUCTS_DIR)/swift_app_2.app/$(BUNDLE_EXECUTABLE_FOLDER_PATH)/swift_app_2";
			};
			name = Debug;
		};
		4224D3172B42ED7B00582305 /* Release */ = {
			isa = XCBuildConfiguration;
			buildSettings = {
				ALWAYS_EMBED_SWIFT_STANDARD_LIBRARIES = YES;
				BUNDLE_LOADER = "$(TEST_HOST)";
				CODE_SIGN_STYLE = Automatic;
				CURRENT_PROJECT_VERSION = 1;
				GENERATE_INFOPLIST_FILE = YES;
				IPHONEOS_DEPLOYMENT_TARGET = 17.2;
				MARKETING_VERSION = 1.0;
				PRODUCT_BUNDLE_IDENTIFIER = "swift-app-1-org.swift-app-2Tests";
				PRODUCT_NAME = "$(TARGET_NAME)";
				SWIFT_EMIT_LOC_STRINGS = NO;
				SWIFT_VERSION = 5.0;
				TARGETED_DEVICE_FAMILY = "1,2";
				TEST_HOST = "$(BUILT_PRODUCTS_DIR)/swift_app_2.app/$(BUNDLE_EXECUTABLE_FOLDER_PATH)/swift_app_2";
			};
			name = Release;
		};
		4224D3192B42ED7B00582305 /* Debug */ = {
			isa = XCBuildConfiguration;
			buildSettings = {
				ALWAYS_EMBED_SWIFT_STANDARD_LIBRARIES = YES;
				CODE_SIGN_STYLE = Automatic;
				CURRENT_PROJECT_VERSION = 1;
				GENERATE_INFOPLIST_FILE = YES;
				MARKETING_VERSION = 1.0;
				PRODUCT_BUNDLE_IDENTIFIER = "swift-app-1-org.swift-app-2UITests";
				PRODUCT_NAME = "$(TARGET_NAME)";
				SWIFT_EMIT_LOC_STRINGS = NO;
				SWIFT_VERSION = 5.0;
				TARGETED_DEVICE_FAMILY = "1,2";
				TEST_TARGET_NAME = swift_app_2;
			};
			name = Debug;
		};
		4224D31A2B42ED7B00582305 /* Release */ = {
			isa = XCBuildConfiguration;
			buildSettings = {
				ALWAYS_EMBED_SWIFT_STANDARD_LIBRARIES = YES;
				CODE_SIGN_STYLE = Automatic;
				CURRENT_PROJECT_VERSION = 1;
				GENERATE_INFOPLIST_FILE = YES;
				MARKETING_VERSION = 1.0;
				PRODUCT_BUNDLE_IDENTIFIER = "swift-app-1-org.swift-app-2UITests";
				PRODUCT_NAME = "$(TARGET_NAME)";
				SWIFT_EMIT_LOC_STRINGS = NO;
				SWIFT_VERSION = 5.0;
				TARGETED_DEVICE_FAMILY = "1,2";
				TEST_TARGET_NAME = swift_app_2;
			};
			name = Release;
		};
/* End XCBuildConfiguration section */

/* Begin XCConfigurationList section */
		4224D2E92B42ED7A00582305 /* Build configuration list for PBXProject "swift_app_2" */ = {
			isa = XCConfigurationList;
			buildConfigurations = (
				4224D3102B42ED7B00582305 /* Debug */,
				4224D3112B42ED7B00582305 /* Release */,
			);
			defaultConfigurationIsVisible = 0;
			defaultConfigurationName = Release;
		};
		4224D3122B42ED7B00582305 /* Build configuration list for PBXNativeTarget "swift_app_2" */ = {
			isa = XCConfigurationList;
			buildConfigurations = (
				4224D3132B42ED7B00582305 /* Debug */,
				4224D3142B42ED7B00582305 /* Release */,
			);
			defaultConfigurationIsVisible = 0;
			defaultConfigurationName = Release;
		};
		4224D3152B42ED7B00582305 /* Build configuration list for PBXNativeTarget "swift_app_2Tests" */ = {
			isa = XCConfigurationList;
			buildConfigurations = (
				4224D3162B42ED7B00582305 /* Debug */,
				4224D3172B42ED7B00582305 /* Release */,
			);
			defaultConfigurationIsVisible = 0;
			defaultConfigurationName = Release;
		};
		4224D3182B42ED7B00582305 /* Build configuration list for PBXNativeTarget "swift_app_2UITests" */ = {
			isa = XCConfigurationList;
			buildConfigurations = (
				4224D3192B42ED7B00582305 /* Debug */,
				4224D31A2B42ED7B00582305 /* Release */,
			);
			defaultConfigurationIsVisible = 0;
			defaultConfigurationName = Release;
		};
/* End XCConfigurationList section */
	};
	rootObject = 4224D2E62B42ED7A00582305 /* Project object */;
}
